
Microsoft Visual Studio Solution File, Format Version 12.00
# Visual Studio Version 17
VisualStudioVersion = 17.8.34309.116
MinimumVisualStudioVersion = 10.0.40219.1
Project("{9A19103F-16F7-4668-BE54-9A1E7A4F7556}") = "Otopark", "Odev_6\Otopark.csproj", "{CABA9AEB-83AB-4CA2-8030-66233D9C15BA}"
EndProject
Global
	GlobalSection(SolutionConfigurationPlatforms) = preSolution
		Debug|Any CPU = Debug|Any CPU
		Release|Any CPU = Release|Any CPU
	EndGlobalSection
	GlobalSection(ProjectConfigurationPlatforms) = postSolution
		{CABA9AEB-83AB-4CA2-8030-66233D9C15BA}.Debug|Any CPU.ActiveCfg = Debug|Any CPU
		{CABA9AEB-83AB-4CA2-8030-66233D9C15BA}.Debug|Any CPU.Build.0 = Debug|Any CPU
		{CABA9AEB-83AB-4CA2-8030-66233D9C15BA}.Release|Any CPU.ActiveCfg = Release|Any CPU
		{CABA9AEB-83AB-4CA2-8030-66233D9C15BA}.Release|Any CPU.Build.0 = Release|Any CPU
	EndGlobalSection
	GlobalSection(SolutionProperties) = preSolution
		HideSolutionNode = FALSE
	EndGlobalSection
	GlobalSection(ExtensibilityGlobals) = postSolution
		SolutionGuid = {6C23BF02-BB78-4312-ABB9-EC609AC2B29F}
	EndGlobalSection
EndGlobal
